
Microsoft Visual Studio Solution File, Format Version 12.00
# Visual Studio 14
VisualStudioVersion = 14.0.25420.1
MinimumVisualStudioVersion = 10.0.40219.1
Project("{FAE04EC0-301F-11D3-BF4B-00C04F79EFBC}") = "DemoEF", "DemoEF\DemoEF.csproj", "{6ADF5871-8D98-4094-8BE9-384C6ECCEAA6}"
EndProject
Project("{FAE04EC0-301F-11D3-BF4B-00C04F79EFBC}") = "Entidades", "Entidades\Entidades.csproj", "{A6852DE3-57D5-4616-BE6D-7C10F65741BC}"
EndProject
Project("{FAE04EC0-301F-11D3-BF4B-00C04F79EFBC}") = "Datos", "Datos\Datos.csproj", "{E0B8BE0E-7B1A-4881-89A4-C78F5CE7000F}"
EndProject
Project("{FAE04EC0-301F-11D3-BF4B-00C04F79EFBC}") = "LogicaNegocio", "LogicaNegocio\LogicaNegocio.csproj", "{7A1A3FC3-3052-4AD7-9BE5-4BEFFA7A7F44}"
EndProject
Project("{2150E333-8FDC-42A3-9474-1A3956D46DE8}") = "01. Entidades", "01. Entidades", "{55FDB23E-B6D4-45FB-BD47-766FE0B21385}"
EndProject
Project("{2150E333-8FDC-42A3-9474-1A3956D46DE8}") = "02. Datos", "02. Datos", "{C8348259-4670-495F-B662-8C5FD78B3463}"
EndProject
Project("{2150E333-8FDC-42A3-9474-1A3956D46DE8}") = "03. Logica", "03. Logica", "{627FC016-974B-47FA-BD16-BF45092447A8}"
EndProject
Project("{2150E333-8FDC-42A3-9474-1A3956D46DE8}") = "04. Presentacion", "04. Presentacion", "{09FEB80E-E677-463E-A4D1-F717065567A0}"
EndProject
Global
	GlobalSection(SolutionConfigurationPlatforms) = preSolution
		Debug|Any CPU = Debug|Any CPU
		Release|Any CPU = Release|Any CPU
	EndGlobalSection
	GlobalSection(ProjectConfigurationPlatforms) = postSolution
		{6ADF5871-8D98-4094-8BE9-384C6ECCEAA6}.Debug|Any CPU.ActiveCfg = Debug|Any CPU
		{6ADF5871-8D98-4094-8BE9-384C6ECCEAA6}.Debug|Any CPU.Build.0 = Debug|Any CPU
		{6ADF5871-8D98-4094-8BE9-384C6ECCEAA6}.Release|Any CPU.ActiveCfg = Release|Any CPU
		{6ADF5871-8D98-4094-8BE9-384C6ECCEAA6}.Release|Any CPU.Build.0 = Release|Any CPU
		{A6852DE3-57D5-4616-BE6D-7C10F65741BC}.Debug|Any CPU.ActiveCfg = Debug|Any CPU
		{A6852DE3-57D5-4616-BE6D-7C10F65741BC}.Debug|Any CPU.Build.0 = Debug|Any CPU
		{A6852DE3-57D5-4616-BE6D-7C10F65741BC}.Release|Any CPU.ActiveCfg = Release|Any CPU
		{A6852DE3-57D5-4616-BE6D-7C10F65741BC}.Release|Any CPU.Build.0 = Release|Any CPU
		{E0B8BE0E-7B1A-4881-89A4-C78F5CE7000F}.Debug|Any CPU.ActiveCfg = Debug|Any CPU
		{E0B8BE0E-7B1A-4881-89A4-C78F5CE7000F}.Debug|Any CPU.Build.0 = Debug|Any CPU
		{E0B8BE0E-7B1A-4881-89A4-C78F5CE7000F}.Release|Any CPU.ActiveCfg = Release|Any CPU
		{E0B8BE0E-7B1A-4881-89A4-C78F5CE7000F}.Release|Any CPU.Build.0 = Release|Any CPU
		{7A1A3FC3-3052-4AD7-9BE5-4BEFFA7A7F44}.Debug|Any CPU.ActiveCfg = Debug|Any CPU
		{7A1A3FC3-3052-4AD7-9BE5-4BEFFA7A7F44}.Debug|Any CPU.Build.0 = Debug|Any CPU
		{7A1A3FC3-3052-4AD7-9BE5-4BEFFA7A7F44}.Release|Any CPU.ActiveCfg = Release|Any CPU
		{7A1A3FC3-3052-4AD7-9BE5-4BEFFA7A7F44}.Release|Any CPU.Build.0 = Release|Any CPU
	EndGlobalSection
	GlobalSection(SolutionProperties) = preSolution
		HideSolutionNode = FALSE
	EndGlobalSection
	GlobalSection(NestedProjects) = preSolution
		{6ADF5871-8D98-4094-8BE9-384C6ECCEAA6} = {09FEB80E-E677-463E-A4D1-F717065567A0}
		{A6852DE3-57D5-4616-BE6D-7C10F65741BC} = {55FDB23E-B6D4-45FB-BD47-766FE0B21385}
		{E0B8BE0E-7B1A-4881-89A4-C78F5CE7000F} = {C8348259-4670-495F-B662-8C5FD78B3463}
		{7A1A3FC3-3052-4AD7-9BE5-4BEFFA7A7F44} = {627FC016-974B-47FA-BD16-BF45092447A8}
	EndGlobalSection
EndGlobal
